// !$*UTF8*$!
{
	archiveVersion = 1;
	classes = {
	};
	objectVersion = 55;
	objects = {

/* Begin PBXBuildFile section */
		8BC59E932A5C8C9A00AF5E29 /* AppDelegate.swift in Sources */ = {isa = PBXBuildFile; fileRef = 8BC59E922A5C8C9A00AF5E29 /* AppDelegate.swift */; };
		8BC59E952A5C8C9A00AF5E29 /* SceneDelegate.swift in Sources */ = {isa = PBXBuildFile; fileRef = 8BC59E942A5C8C9A00AF5E29 /* SceneDelegate.swift */; };
		8BC59E9C2A5C8C9B00AF5E29 /* Assets.xcassets in Resources */ = {isa = PBXBuildFile; fileRef = 8BC59E9B2A5C8C9B00AF5E29 /* Assets.xcassets */; };
		8BC59E9F2A5C8C9B00AF5E29 /* LaunchScreen.storyboard in Resources */ = {isa = PBXBuildFile; fileRef = 8BC59E9D2A5C8C9B00AF5E29 /* LaunchScreen.storyboard */; };
		8BC59EAA2A5C8C9B00AF5E29 /* mouseTests.swift in Sources */ = {isa = PBXBuildFile; fileRef = 8BC59EA92A5C8C9B00AF5E29 /* mouseTests.swift */; };
		8BC59EB42A5C8C9B00AF5E29 /* mouseUITests.swift in Sources */ = {isa = PBXBuildFile; fileRef = 8BC59EB32A5C8C9B00AF5E29 /* mouseUITests.swift */; };
		8BC59EB62A5C8C9B00AF5E29 /* mouseUITestsLaunchTests.swift in Sources */ = {isa = PBXBuildFile; fileRef = 8BC59EB52A5C8C9B00AF5E29 /* mouseUITestsLaunchTests.swift */; };
		8BECF0662A5CB17C00871D3C /* FirstViewController.swift in Sources */ = {isa = PBXBuildFile; fileRef = 8BECF0652A5CB17C00871D3C /* FirstViewController.swift */; };
		8BECF0682A5CB18A00871D3C /* Main.storyboard in Resources */ = {isa = PBXBuildFile; fileRef = 8BECF0672A5CB18A00871D3C /* Main.storyboard */; };
		8BECF06A2A5CB19700871D3C /* NewsTableViewCell.swift in Sources */ = {isa = PBXBuildFile; fileRef = 8BECF0692A5CB19700871D3C /* NewsTableViewCell.swift */; };
		8BECF06C2A5CB19E00871D3C /* NewsTableViewCell.xib in Resources */ = {isa = PBXBuildFile; fileRef = 8BECF06B2A5CB19E00871D3C /* NewsTableViewCell.xib */; };
		8BECF06E2A5CB1A500871D3C /* SecondViewController.swift in Sources */ = {isa = PBXBuildFile; fileRef = 8BECF06D2A5CB1A500871D3C /* SecondViewController.swift */; };
		8BECF0702A5CB1B500871D3C /* Submodules in Resources */ = {isa = PBXBuildFile; fileRef = 8BECF06F2A5CB1B500871D3C /* Submodules */; };
/* End PBXBuildFile section */

/* Begin PBXContainerItemProxy section */
		8BC59EA62A5C8C9B00AF5E29 /* PBXContainerItemProxy */ = {
			isa = PBXContainerItemProxy;
			containerPortal = 8BC59E872A5C8C9900AF5E29 /* Project object */;
			proxyType = 1;
			remoteGlobalIDString = 8BC59E8E2A5C8C9A00AF5E29;
			remoteInfo = mouse;
		};
		8BC59EB02A5C8C9B00AF5E29 /* PBXContainerItemProxy */ = {
			isa = PBXContainerItemProxy;
			containerPortal = 8BC59E872A5C8C9900AF5E29 /* Project object */;
			proxyType = 1;
			remoteGlobalIDString = 8BC59E8E2A5C8C9A00AF5E29;
			remoteInfo = mouse;
		};
/* End PBXContainerItemProxy section */

/* Begin PBXFileReference section */
		8BC59E8F2A5C8C9A00AF5E29 /* mouse.app */ = {isa = PBXFileReference; explicitFileType = wrapper.application; includeInIndex = 0; path = mouse.app; sourceTree = BUILT_PRODUCTS_DIR; };
		8BC59E922A5C8C9A00AF5E29 /* AppDelegate.swift */ = {isa = PBXFileReference; lastKnownFileType = sourcecode.swift; path = AppDelegate.swift; sourceTree = "<group>"; };
		8BC59E942A5C8C9A00AF5E29 /* SceneDelegate.swift */ = {isa = PBXFileReference; lastKnownFileType = sourcecode.swift; path = SceneDelegate.swift; sourceTree = "<group>"; };
		8BC59E9B2A5C8C9B00AF5E29 /* Assets.xcassets */ = {isa = PBXFileReference; lastKnownFileType = folder.assetcatalog; path = Assets.xcassets; sourceTree = "<group>"; };
		8BC59E9E2A5C8C9B00AF5E29 /* Base */ = {isa = PBXFileReference; lastKnownFileType = file.storyboard; name = Base; path = Base.lproj/LaunchScreen.storyboard; sourceTree = "<group>"; };
		8BC59EA02A5C8C9B00AF5E29 /* Info.plist */ = {isa = PBXFileReference; lastKnownFileType = text.plist.xml; path = Info.plist; sourceTree = "<group>"; };
		8BC59EA52A5C8C9B00AF5E29 /* mouseTests.xctest */ = {isa = PBXFileReference; explicitFileType = wrapper.cfbundle; includeInIndex = 0; path = mouseTests.xctest; sourceTree = BUILT_PRODUCTS_DIR; };
		8BC59EA92A5C8C9B00AF5E29 /* mouseTests.swift */ = {isa = PBXFileReference; lastKnownFileType = sourcecode.swift; path = mouseTests.swift; sourceTree = "<group>"; };
		8BC59EAF2A5C8C9B00AF5E29 /* mouseUITests.xctest */ = {isa = PBXFileReference; explicitFileType = wrapper.cfbundle; includeInIndex = 0; path = mouseUITests.xctest; sourceTree = BUILT_PRODUCTS_DIR; };
		8BC59EB32A5C8C9B00AF5E29 /* mouseUITests.swift */ = {isa = PBXFileReference; lastKnownFileType = sourcecode.swift; path = mouseUITests.swift; sourceTree = "<group>"; };
		8BC59EB52A5C8C9B00AF5E29 /* mouseUITestsLaunchTests.swift */ = {isa = PBXFileReference; lastKnownFileType = sourcecode.swift; path = mouseUITestsLaunchTests.swift; sourceTree = "<group>"; };
		8BECF0652A5CB17C00871D3C /* FirstViewController.swift */ = {isa = PBXFileReference; fileEncoding = 4; lastKnownFileType = sourcecode.swift; path = FirstViewController.swift; sourceTree = "<group>"; };
		8BECF0672A5CB18A00871D3C /* Main.storyboard */ = {isa = PBXFileReference; fileEncoding = 4; lastKnownFileType = file.storyboard; path = Main.storyboard; sourceTree = "<group>"; };
		8BECF0692A5CB19700871D3C /* NewsTableViewCell.swift */ = {isa = PBXFileReference; fileEncoding = 4; lastKnownFileType = sourcecode.swift; path = NewsTableViewCell.swift; sourceTree = "<group>"; };
		8BECF06B2A5CB19E00871D3C /* NewsTableViewCell.xib */ = {isa = PBXFileReference; fileEncoding = 4; lastKnownFileType = file.xib; path = NewsTableViewCell.xib; sourceTree = "<group>"; };
		8BECF06D2A5CB1A500871D3C /* SecondViewController.swift */ = {isa = PBXFileReference; fileEncoding = 4; lastKnownFileType = sourcecode.swift; path = SecondViewController.swift; sourceTree = "<group>"; };
		8BECF06F2A5CB1B500871D3C /* Submodules */ = {isa = PBXFileReference; fileEncoding = 4; lastKnownFileType = text; path = Submodules; sourceTree = SOURCE_ROOT; };
/* End PBXFileReference section */

/* Begin PBXFrameworksBuildPhase section */
		8BC59E8C2A5C8C9A00AF5E29 /* Frameworks */ = {
			isa = PBXFrameworksBuildPhase;
			buildActionMask = 2147483647;
			files = (
			);
			runOnlyForDeploymentPostprocessing = 0;
		};
		8BC59EA22A5C8C9B00AF5E29 /* Frameworks */ = {
			isa = PBXFrameworksBuildPhase;
			buildActionMask = 2147483647;
			files = (
			);
			runOnlyForDeploymentPostprocessing = 0;
		};
		8BC59EAC2A5C8C9B00AF5E29 /* Frameworks */ = {
			isa = PBXFrameworksBuildPhase;
			buildActionMask = 2147483647;
			files = (
			);
			runOnlyForDeploymentPostprocessing = 0;
		};
/* End PBXFrameworksBuildPhase section */

/* Begin PBXGroup section */
		8BC59E862A5C8C9900AF5E29 = {
			isa = PBXGroup;
			children = (
				8BC59E912A5C8C9A00AF5E29 /* mouse */,
				8BC59EA82A5C8C9B00AF5E29 /* mouseTests */,
				8BC59EB22A5C8C9B00AF5E29 /* mouseUITests */,
				8BC59E902A5C8C9A00AF5E29 /* Products */,
			);
			sourceTree = "<group>";
		};
		8BC59E902A5C8C9A00AF5E29 /* Products */ = {
			isa = PBXGroup;
			children = (
				8BC59E8F2A5C8C9A00AF5E29 /* mouse.app */,
				8BC59EA52A5C8C9B00AF5E29 /* mouseTests.xctest */,
				8BC59EAF2A5C8C9B00AF5E29 /* mouseUITests.xctest */,
			);
			name = Products;
			sourceTree = "<group>";
		};
		8BC59E912A5C8C9A00AF5E29 /* mouse */ = {
			isa = PBXGroup;
			children = (
				8BECF06D2A5CB1A500871D3C /* SecondViewController.swift */,
				8BECF06B2A5CB19E00871D3C /* NewsTableViewCell.xib */,
				8BECF0692A5CB19700871D3C /* NewsTableViewCell.swift */,
				8BECF0672A5CB18A00871D3C /* Main.storyboard */,
				8BECF0652A5CB17C00871D3C /* FirstViewController.swift */,
				8BC59E922A5C8C9A00AF5E29 /* AppDelegate.swift */,
				8BC59E942A5C8C9A00AF5E29 /* SceneDelegate.swift */,
				8BC59E9B2A5C8C9B00AF5E29 /* Assets.xcassets */,
				8BECF06F2A5CB1B500871D3C /* Submodules */,
				8BC59E9D2A5C8C9B00AF5E29 /* LaunchScreen.storyboard */,
				8BC59EA02A5C8C9B00AF5E29 /* Info.plist */,
			);
			path = mouse;
			sourceTree = "<group>";
		};
		8BC59EA82A5C8C9B00AF5E29 /* mouseTests */ = {
			isa = PBXGroup;
			children = (
				8BC59EA92A5C8C9B00AF5E29 /* mouseTests.swift */,
			);
			path = mouseTests;
			sourceTree = "<group>";
		};
		8BC59EB22A5C8C9B00AF5E29 /* mouseUITests */ = {
			isa = PBXGroup;
			children = (
				8BC59EB32A5C8C9B00AF5E29 /* mouseUITests.swift */,
				8BC59EB52A5C8C9B00AF5E29 /* mouseUITestsLaunchTests.swift */,
			);
			path = mouseUITests;
			sourceTree = "<group>";
		};
/* End PBXGroup section */

/* Begin PBXNativeTarget section */
		8BC59E8E2A5C8C9A00AF5E29 /* mouse */ = {
			isa = PBXNativeTarget;
			buildConfigurationList = 8BC59EB92A5C8C9B00AF5E29 /* Build configuration list for PBXNativeTarget "mouse" */;
			buildPhases = (
				8BC59E8B2A5C8C9A00AF5E29 /* Sources */,
				8BC59E8C2A5C8C9A00AF5E29 /* Frameworks */,
				8BC59E8D2A5C8C9A00AF5E29 /* Resources */,
			);
			buildRules = (
			);
			dependencies = (
			);
			name = mouse;
			productName = mouse;
			productReference = 8BC59E8F2A5C8C9A00AF5E29 /* mouse.app */;
			productType = "com.apple.product-type.application";
		};
		8BC59EA42A5C8C9B00AF5E29 /* mouseTests */ = {
			isa = PBXNativeTarget;
			buildConfigurationList = 8BC59EBC2A5C8C9B00AF5E29 /* Build configuration list for PBXNativeTarget "mouseTests" */;
			buildPhases = (
				8BC59EA12A5C8C9B00AF5E29 /* Sources */,
				8BC59EA22A5C8C9B00AF5E29 /* Frameworks */,
				8BC59EA32A5C8C9B00AF5E29 /* Resources */,
			);
			buildRules = (
			);
			dependencies = (
				8BC59EA72A5C8C9B00AF5E29 /* PBXTargetDependency */,
			);
			name = mouseTests;
			productName = mouseTests;
			productReference = 8BC59EA52A5C8C9B00AF5E29 /* mouseTests.xctest */;
			productType = "com.apple.product-type.bundle.unit-test";
		};
		8BC59EAE2A5C8C9B00AF5E29 /* mouseUITests */ = {
			isa = PBXNativeTarget;
			buildConfigurationList = 8BC59EBF2A5C8C9B00AF5E29 /* Build configuration list for PBXNativeTarget "mouseUITests" */;
			buildPhases = (
				8BC59EAB2A5C8C9B00AF5E29 /* Sources */,
				8BC59EAC2A5C8C9B00AF5E29 /* Frameworks */,
				8BC59EAD2A5C8C9B00AF5E29 /* Resources */,
			);
			buildRules = (
			);
			dependencies = (
				8BC59EB12A5C8C9B00AF5E29 /* PBXTargetDependency */,
			);
			name = mouseUITests;
			productName = mouseUITests;
			productReference = 8BC59EAF2A5C8C9B00AF5E29 /* mouseUITests.xctest */;
			productType = "com.apple.product-type.bundle.ui-testing";
		};
/* End PBXNativeTarget section */

/* Begin PBXProject section */
		8BC59E872A5C8C9900AF5E29 /* Project object */ = {
			isa = PBXProject;
			attributes = {
				BuildIndependentTargetsInParallel = 1;
				LastSwiftUpdateCheck = 1340;
				LastUpgradeCheck = 1340;
				TargetAttributes = {
					8BC59E8E2A5C8C9A00AF5E29 = {
						CreatedOnToolsVersion = 13.4.1;
					};
					8BC59EA42A5C8C9B00AF5E29 = {
						CreatedOnToolsVersion = 13.4.1;
						TestTargetID = 8BC59E8E2A5C8C9A00AF5E29;
					};
					8BC59EAE2A5C8C9B00AF5E29 = {
						CreatedOnToolsVersion = 13.4.1;
						TestTargetID = 8BC59E8E2A5C8C9A00AF5E29;
					};
				};
			};
			buildConfigurationList = 8BC59E8A2A5C8C9900AF5E29 /* Build configuration list for PBXProject "mouse" */;
			compatibilityVersion = "Xcode 13.0";
			developmentRegion = en;
			hasScannedForEncodings = 0;
			knownRegions = (
				en,
				Base,
			);
			mainGroup = 8BC59E862A5C8C9900AF5E29;
			productRefGroup = 8BC59E902A5C8C9A00AF5E29 /* Products */;
			projectDirPath = "";
			projectRoot = "";
			targets = (
				8BC59E8E2A5C8C9A00AF5E29 /* mouse */,
				8BC59EA42A5C8C9B00AF5E29 /* mouseTests */,
				8BC59EAE2A5C8C9B00AF5E29 /* mouseUITests */,
			);
		};
/* End PBXProject section */

/* Begin PBXResourcesBuildPhase section */
		8BC59E8D2A5C8C9A00AF5E29 /* Resources */ = {
			isa = PBXResourcesBuildPhase;
			buildActionMask = 2147483647;
			files = (
				8BECF0682A5CB18A00871D3C /* Main.storyboard in Resources */,
				8BECF0702A5CB1B500871D3C /* Submodules in Resources */,
				8BC59E9F2A5C8C9B00AF5E29 /* LaunchScreen.storyboard in Resources */,
				8BECF06C2A5CB19E00871D3C /* NewsTableViewCell.xib in Resources */,
				8BC59E9C2A5C8C9B00AF5E29 /* Assets.xcassets in Resources */,
			);
			runOnlyForDeploymentPostprocessing = 0;
		};
		8BC59EA32A5C8C9B00AF5E29 /* Resources */ = {
			isa = PBXResourcesBuildPhase;
			buildActionMask = 2147483647;
			files = (
			);
			runOnlyForDeploymentPostprocessing = 0;
		};
		8BC59EAD2A5C8C9B00AF5E29 /* Resources */ = {
			isa = PBXResourcesBuildPhase;
			buildActionMask = 2147483647;
			files = (
			);
			runOnlyForDeploymentPostprocessing = 0;
		};
/* End PBXResourcesBuildPhase section */

/* Begin PBXSourcesBuildPhase section */
		8BC59E8B2A5C8C9A00AF5E29 /* Sources */ = {
			isa = PBXSourcesBuildPhase;
			buildActionMask = 2147483647;
			files = (
				8BECF0662A5CB17C00871D3C /* FirstViewController.swift in Sources */,
				8BC59E932A5C8C9A00AF5E29 /* AppDelegate.swift in Sources */,
				8BECF06A2A5CB19700871D3C /* NewsTableViewCell.swift in Sources */,
				8BECF06E2A5CB1A500871D3C /* SecondViewController.swift in Sources */,
				8BC59E952A5C8C9A00AF5E29 /* SceneDelegate.swift in Sources */,
			);
			runOnlyForDeploymentPostprocessing = 0;
		};
		8BC59EA12A5C8C9B00AF5E29 /* Sources */ = {
			isa = PBXSourcesBuildPhase;
			buildActionMask = 2147483647;
			files = (
				8BC59EAA2A5C8C9B00AF5E29 /* mouseTests.swift in Sources */,
			);
			runOnlyForDeploymentPostprocessing = 0;
		};
		8BC59EAB2A5C8C9B00AF5E29 /* Sources */ = {
			isa = PBXSourcesBuildPhase;
			buildActionMask = 2147483647;
			files = (
				8BC59EB62A5C8C9B00AF5E29 /* mouseUITestsLaunchTests.swift in Sources */,
				8BC59EB42A5C8C9B00AF5E29 /* mouseUITests.swift in Sources */,
			);
			runOnlyForDeploymentPostprocessing = 0;
		};
/* End PBXSourcesBuildPhase section */

/* Begin PBXTargetDependency section */
		8BC59EA72A5C8C9B00AF5E29 /* PBXTargetDependency */ = {
			isa = PBXTargetDependency;
			target = 8BC59E8E2A5C8C9A00AF5E29 /* mouse */;
			targetProxy = 8BC59EA62A5C8C9B00AF5E29 /* PBXContainerItemProxy */;
		};
		8BC59EB12A5C8C9B00AF5E29 /* PBXTargetDependency */ = {
			isa = PBXTargetDependency;
			target = 8BC59E8E2A5C8C9A00AF5E29 /* mouse */;
			targetProxy = 8BC59EB02A5C8C9B00AF5E29 /* PBXContainerItemProxy */;
		};
/* End PBXTargetDependency section */

/* Begin PBXVariantGroup section */
		8BC59E9D2A5C8C9B00AF5E29 /* LaunchScreen.storyboard */ = {
			isa = PBXVariantGroup;
			children = (
				8BC59E9E2A5C8C9B00AF5E29 /* Base */,
			);
			name = LaunchScreen.storyboard;
			sourceTree = "<group>";
		};
/* End PBXVariantGroup section */

/* Begin XCBuildConfiguration section */
		8BC59EB72A5C8C9B00AF5E29 /* Debug */ = {
			isa = XCBuildConfiguration;
			buildSettings = {
				ALWAYS_SEARCH_USER_PATHS = NO;
				CLANG_ANALYZER_NONNULL = YES;
				CLANG_ANALYZER_NUMBER_OBJECT_CONVERSION = YES_AGGRESSIVE;
				CLANG_CXX_LANGUAGE_STANDARD = "gnu++17";
				CLANG_ENABLE_MODULES = YES;
				CLANG_ENABLE_OBJC_ARC = YES;
				CLANG_ENABLE_OBJC_WEAK = YES;
				CLANG_WARN_BLOCK_CAPTURE_AUTORELEASING = YES;
				CLANG_WARN_BOOL_CONVERSION = YES;
				CLANG_WARN_COMMA = YES;
				CLANG_WARN_CONSTANT_CONVERSION = YES;
				CLANG_WARN_DEPRECATED_OBJC_IMPLEMENTATIONS = YES;
				CLANG_WARN_DIRECT_OBJC_ISA_USAGE = YES_ERROR;
				CLANG_WARN_DOCUMENTATION_COMMENTS = YES;
				CLANG_WARN_EMPTY_BODY = YES;
				CLANG_WARN_ENUM_CONVERSION = YES;
				CLANG_WARN_INFINITE_RECURSION = YES;
				CLANG_WARN_INT_CONVERSION = YES;
				CLANG_WARN_NON_LITERAL_NULL_CONVERSION = YES;
				CLANG_WARN_OBJC_IMPLICIT_RETAIN_SELF = YES;
				CLANG_WARN_OBJC_LITERAL_CONVERSION = YES;
				CLANG_WARN_OBJC_ROOT_CLASS = YES_ERROR;
				CLANG_WARN_QUOTED_INCLUDE_IN_FRAMEWORK_HEADER = YES;
				CLANG_WARN_RANGE_LOOP_ANALYSIS = YES;
				CLANG_WARN_STRICT_PROTOTYPES = YES;
				CLANG_WARN_SUSPICIOUS_MOVE = YES;
				CLANG_WARN_UNGUARDED_AVAILABILITY = YES_AGGRESSIVE;
				CLANG_WARN_UNREACHABLE_CODE = YES;
				CLANG_WARN__DUPLICATE_METHOD_MATCH = YES;
				COPY_PHASE_STRIP = NO;
				DEBUG_INFORMATION_FORMAT = dwarf;
				ENABLE_STRICT_OBJC_MSGSEND = YES;
				ENABLE_TESTABILITY = YES;
				GCC_C_LANGUAGE_STANDARD = gnu11;
				GCC_DYNAMIC_NO_PIC = NO;
				GCC_NO_COMMON_BLOCKS = YES;
				GCC_OPTIMIZATION_LEVEL = 0;
				GCC_PREPROCESSOR_DEFINITIONS = (
					"DEBUG=1",
					"$(inherited)",
				);
				GCC_WARN_64_TO_32_BIT_CONVERSION = YES;
				GCC_WARN_ABOUT_RETURN_TYPE = YES_ERROR;
				GCC_WARN_UNDECLARED_SELECTOR = YES;
				GCC_WARN_UNINITIALIZED_AUTOS = YES_AGGRESSIVE;
				GCC_WARN_UNUSED_FUNCTION = YES;
				GCC_WARN_UNUSED_VARIABLE = YES;
				IPHONEOS_DEPLOYMENT_TARGET = 15.5;
				MTL_ENABLE_DEBUG_INFO = INCLUDE_SOURCE;
				MTL_FAST_MATH = YES;
				ONLY_ACTIVE_ARCH = YES;
				SDKROOT = iphoneos;
				SWIFT_ACTIVE_COMPILATION_CONDITIONS = DEBUG;
				SWIFT_OPTIMIZATION_LEVEL = "-Onone";
			};
			name = Debug;
		};
		8BC59EB82A5C8C9B00AF5E29 /* Release */ = {
			isa = XCBuildConfiguration;
			buildSettings = {
				ALWAYS_SEARCH_USER_PATHS = NO;
				CLANG_ANALYZER_NONNULL = YES;
				CLANG_ANALYZER_NUMBER_OBJECT_CONVERSION = YES_AGGRESSIVE;
				CLANG_CXX_LANGUAGE_STANDARD = "gnu++17";
				CLANG_ENABLE_MODULES = YES;
				CLANG_ENABLE_OBJC_ARC = YES;
				CLANG_ENABLE_OBJC_WEAK = YES;
				CLANG_WARN_BLOCK_CAPTURE_AUTORELEASING = YES;
				CLANG_WARN_BOOL_CONVERSION = YES;
				CLANG_WARN_COMMA = YES;
				CLANG_WARN_CONSTANT_CONVERSION = YES;
				CLANG_WARN_DEPRECATED_OBJC_IMPLEMENTATIONS = YES;
				CLANG_WARN_DIRECT_OBJC_ISA_USAGE = YES_ERROR;
				CLANG_WARN_DOCUMENTATION_COMMENTS = YES;
				CLANG_WARN_EMPTY_BODY = YES;
				CLANG_WARN_ENUM_CONVERSION = YES;
				CLANG_WARN_INFINITE_RECURSION = YES;
				CLANG_WARN_INT_CONVERSION = YES;
				CLANG_WARN_NON_LITERAL_NULL_CONVERSION = YES;
				CLANG_WARN_OBJC_IMPLICIT_RETAIN_SELF = YES;
				CLANG_WARN_OBJC_LITERAL_CONVERSION = YES;
				CLANG_WARN_OBJC_ROOT_CLASS = YES_ERROR;
				CLANG_WARN_QUOTED_INCLUDE_IN_FRAMEWORK_HEADER = YES;
				CLANG_WARN_RANGE_LOOP_ANALYSIS = YES;
				CLANG_WARN_STRICT_PROTOTYPES = YES;
				CLANG_WARN_SUSPICIOUS_MOVE = YES;
				CLANG_WARN_UNGUARDED_AVAILABILITY = YES_AGGRESSIVE;
				CLANG_WARN_UNREACHABLE_CODE = YES;
				CLANG_WARN__DUPLICATE_METHOD_MATCH = YES;
				COPY_PHASE_STRIP = NO;
				DEBUG_INFORMATION_FORMAT = "dwarf-with-dsym";
				ENABLE_NS_ASSERTIONS = NO;
				ENABLE_STRICT_OBJC_MSGSEND = YES;
				GCC_C_LANGUAGE_STANDARD = gnu11;
				GCC_NO_COMMON_BLOCKS = YES;
				GCC_WARN_64_TO_32_BIT_CONVERSION = YES;
				GCC_WARN_ABOUT_RETURN_TYPE = YES_ERROR;
				GCC_WARN_UNDECLARED_SELECTOR = YES;
				GCC_WARN_UNINITIALIZED_AUTOS = YES_AGGRESSIVE;
				GCC_WARN_UNUSED_FUNCTION = YES;
				GCC_WARN_UNUSED_VARIABLE = YES;
				IPHONEOS_DEPLOYMENT_TARGET = 15.5;
				MTL_ENABLE_DEBUG_INFO = NO;
				MTL_FAST_MATH = YES;
				SDKROOT = iphoneos;
				SWIFT_COMPILATION_MODE = wholemodule;
				SWIFT_OPTIMIZATION_LEVEL = "-O";
				VALIDATE_PRODUCT = YES;
			};
			name = Release;
		};
		8BC59EBA2A5C8C9B00AF5E29 /* Debug */ = {
			isa = XCBuildConfiguration;
			buildSettings = {
				ASSETCATALOG_COMPILER_APPICON_NAME = AppIcon;
				ASSETCATALOG_COMPILER_GLOBAL_ACCENT_COLOR_NAME = AccentColor;
				CODE_SIGN_STYLE = Automatic;
				CURRENT_PROJECT_VERSION = 1;
				GENERATE_INFOPLIST_FILE = YES;
				INFOPLIST_FILE = mouse/Info.plist;
				INFOPLIST_KEY_UIApplicationSupportsIndirectInputEvents = YES;
				INFOPLIST_KEY_UILaunchStoryboardName = LaunchScreen;
				INFOPLIST_KEY_UIMainStoryboardFile = Main;
				INFOPLIST_KEY_UISupportedInterfaceOrientations_iPad = "UIInterfaceOrientationPortrait UIInterfaceOrientationPortraitUpsideDown UIInterfaceOrientationLandscapeLeft UIInterfaceOrientationLandscapeRight";
				INFOPLIST_KEY_UISupportedInterfaceOrientations_iPhone = "UIInterfaceOrientationPortrait UIInterfaceOrientationLandscapeLeft UIInterfaceOrientationLandscapeRight";
				LD_RUNPATH_SEARCH_PATHS = (
					"$(inherited)",
					"@executable_path/Frameworks",
				);
				MARKETING_VERSION = 1.0;
				PRODUCT_BUNDLE_IDENTIFIER = Roxana.mouse;
				PRODUCT_NAME = "$(TARGET_NAME)";
				SWIFT_EMIT_LOC_STRINGS = YES;
				SWIFT_VERSION = 5.0;
				TARGETED_DEVICE_FAMILY = "1,2";
			};
			name = Debug;
		};
		8BC59EBB2A5C8C9B00AF5E29 /* Release */ = {
			isa = XCBuildConfiguration;
			buildSettings = {
				ASSETCATALOG_COMPILER_APPICON_NAME = AppIcon;
				ASSETCATALOG_COMPILER_GLOBAL_ACCENT_COLOR_NAME = AccentColor;
				CODE_SIGN_STYLE = Automatic;
				CURRENT_PROJECT_VERSION = 1;
				GENERATE_INFOPLIST_FILE = YES;
				INFOPLIST_FILE = mouse/Info.plist;
				INFOPLIST_KEY_UIApplicationSupportsIndirectInputEvents = YES;
				INFOPLIST_KEY_UILaunchStoryboardName = LaunchScreen;
				INFOPLIST_KEY_UIMainStoryboardFile = Main;
				INFOPLIST_KEY_UISupportedInterfaceOrientations_iPad = "UIInterfaceOrientationPortrait UIInterfaceOrientationPortraitUpsideDown UIInterfaceOrientationLandscapeLeft UIInterfaceOrientationLandscapeRight";
				INFOPLIST_KEY_UISupportedInterfaceOrientations_iPhone = "UIInterfaceOrientationPortrait UIInterfaceOrientationLandscapeLeft UIInterfaceOrientationLandscapeRight";
				LD_RUNPATH_SEARCH_PATHS = (
					"$(inherited)",
					"@executable_path/Frameworks",
				);
				MARKETING_VERSION = 1.0;
				PRODUCT_BUNDLE_IDENTIFIER = Roxana.mouse;
				PRODUCT_NAME = "$(TARGET_NAME)";
				SWIFT_EMIT_LOC_STRINGS = YES;
				SWIFT_VERSION = 5.0;
				TARGETED_DEVICE_FAMILY = "1,2";
			};
			name = Release;
		};
		8BC59EBD2A5C8C9B00AF5E29 /* Debug */ = {
			isa = XCBuildConfiguration;
			buildSettings = {
				ALWAYS_EMBED_SWIFT_STANDARD_LIBRARIES = YES;
				BUNDLE_LOADER = "$(TEST_HOST)";
				CODE_SIGN_STYLE = Automatic;
				CURRENT_PROJECT_VERSION = 1;
				GENERATE_INFOPLIST_FILE = YES;
				IPHONEOS_DEPLOYMENT_TARGET = 15.5;
				MARKETING_VERSION = 1.0;
				PRODUCT_BUNDLE_IDENTIFIER = Roxana.mouseTests;
				PRODUCT_NAME = "$(TARGET_NAME)";
				SWIFT_EMIT_LOC_STRINGS = NO;
				SWIFT_VERSION = 5.0;
				TARGETED_DEVICE_FAMILY = "1,2";
				TEST_HOST = "$(BUILT_PRODUCTS_DIR)/mouse.app/mouse";
			};
			name = Debug;
		};
		8BC59EBE2A5C8C9B00AF5E29 /* Release */ = {
			isa = XCBuildConfiguration;
			buildSettings = {
				ALWAYS_EMBED_SWIFT_STANDARD_LIBRARIES = YES;
				BUNDLE_LOADER = "$(TEST_HOST)";
				CODE_SIGN_STYLE = Automatic;
				CURRENT_PROJECT_VERSION = 1;
				GENERATE_INFOPLIST_FILE = YES;
				IPHONEOS_DEPLOYMENT_TARGET = 15.5;
				MARKETING_VERSION = 1.0;
				PRODUCT_BUNDLE_IDENTIFIER = Roxana.mouseTests;
				PRODUCT_NAME = "$(TARGET_NAME)";
				SWIFT_EMIT_LOC_STRINGS = NO;
				SWIFT_VERSION = 5.0;
				TARGETED_DEVICE_FAMILY = "1,2";
				TEST_HOST = "$(BUILT_PRODUCTS_DIR)/mouse.app/mouse";
			};
			name = Release;
		};
		8BC59EC02A5C8C9B00AF5E29 /* Debug */ = {
			isa = XCBuildConfiguration;
			buildSettings = {
				ALWAYS_EMBED_SWIFT_STANDARD_LIBRARIES = YES;
				CODE_SIGN_STYLE = Automatic;
				CURRENT_PROJECT_VERSION = 1;
				GENERATE_INFOPLIST_FILE = YES;
				MARKETING_VERSION = 1.0;
				PRODUCT_BUNDLE_IDENTIFIER = Roxana.mouseUITests;
				PRODUCT_NAME = "$(TARGET_NAME)";
				SWIFT_EMIT_LOC_STRINGS = NO;
				SWIFT_VERSION = 5.0;
				TARGETED_DEVICE_FAMILY = "1,2";
				TEST_TARGET_NAME = mouse;
			};
			name = Debug;
		};
		8BC59EC12A5C8C9B00AF5E29 /* Release */ = {
			isa = XCBuildConfiguration;
			buildSettings = {
				ALWAYS_EMBED_SWIFT_STANDARD_LIBRARIES = YES;
				CODE_SIGN_STYLE = Automatic;
				CURRENT_PROJECT_VERSION = 1;
				GENERATE_INFOPLIST_FILE = YES;
				MARKETING_VERSION = 1.0;
				PRODUCT_BUNDLE_IDENTIFIER = Roxana.mouseUITests;
				PRODUCT_NAME = "$(TARGET_NAME)";
				SWIFT_EMIT_LOC_STRINGS = NO;
				SWIFT_VERSION = 5.0;
				TARGETED_DEVICE_FAMILY = "1,2";
				TEST_TARGET_NAME = mouse;
			};
			name = Release;
		};
/* End XCBuildConfiguration section */

/* Begin XCConfigurationList section */
		8BC59E8A2A5C8C9900AF5E29 /* Build configuration list for PBXProject "mouse" */ = {
			isa = XCConfigurationList;
			buildConfigurations = (
				8BC59EB72A5C8C9B00AF5E29 /* Debug */,
				8BC59EB82A5C8C9B00AF5E29 /* Release */,
			);
			defaultConfigurationIsVisible = 0;
			defaultConfigurationName = Release;
		};
		8BC59EB92A5C8C9B00AF5E29 /* Build configuration list for PBXNativeTarget "mouse" */ = {
			isa = XCConfigurationList;
			buildConfigurations = (
				8BC59EBA2A5C8C9B00AF5E29 /* Debug */,
				8BC59EBB2A5C8C9B00AF5E29 /* Release */,
			);
			defaultConfigurationIsVisible = 0;
			defaultConfigurationName = Release;
		};
		8BC59EBC2A5C8C9B00AF5E29 /* Build configuration list for PBXNativeTarget "mouseTests" */ = {
			isa = XCConfigurationList;
			buildConfigurations = (
				8BC59EBD2A5C8C9B00AF5E29 /* Debug */,
				8BC59EBE2A5C8C9B00AF5E29 /* Release */,
			);
			defaultConfigurationIsVisible = 0;
			defaultConfigurationName = Release;
		};
		8BC59EBF2A5C8C9B00AF5E29 /* Build configuration list for PBXNativeTarget "mouseUITests" */ = {
			isa = XCConfigurationList;
			buildConfigurations = (
				8BC59EC02A5C8C9B00AF5E29 /* Debug */,
				8BC59EC12A5C8C9B00AF5E29 /* Release */,
			);
			defaultConfigurationIsVisible = 0;
			defaultConfigurationName = Release;
		};
/* End XCConfigurationList section */
	};
	rootObject = 8BC59E872A5C8C9900AF5E29 /* Project object */;
}
